// !$*UTF8*$!
{
	archiveVersion = 1;
	classes = {
	};
	objectVersion = 50;
	objects = {

/* Begin PBXBuildFile section */
		3F1612360CEA2CC09B5CD9DB /* Pods_SampleAppTests.framework in Frameworks */ = {isa = PBXBuildFile; fileRef = 39D5B14678A72CE2EFF3DAD3 /* Pods_SampleAppTests.framework */; };
		3FE633277D37A5A994C7D39A /* Pods_SampleAppUITests.framework in Frameworks */ = {isa = PBXBuildFile; fileRef = 20CCE4002B8390F25F0D1D41 /* Pods_SampleAppUITests.framework */; };
		626442FB2195D9FE00877F1D /* AppDelegate.swift in Sources */ = {isa = PBXBuildFile; fileRef = 626442FA2195D9FE00877F1D /* AppDelegate.swift */; };
		626442FD2195D9FE00877F1D /* ViewController.swift in Sources */ = {isa = PBXBuildFile; fileRef = 626442FC2195D9FE00877F1D /* ViewController.swift */; };
		626443002195D9FE00877F1D /* Main.storyboard in Resources */ = {isa = PBXBuildFile; fileRef = 626442FE2195D9FE00877F1D /* Main.storyboard */; };
		626443022195DA0000877F1D /* Assets.xcassets in Resources */ = {isa = PBXBuildFile; fileRef = 626443012195DA0000877F1D /* Assets.xcassets */; };
		626443052195DA0000877F1D /* LaunchScreen.storyboard in Resources */ = {isa = PBXBuildFile; fileRef = 626443032195DA0000877F1D /* LaunchScreen.storyboard */; };
		626443102195DA0000877F1D /* SampleAppTests.swift in Sources */ = {isa = PBXBuildFile; fileRef = 6264430F2195DA0000877F1D /* SampleAppTests.swift */; };
		6264431B2195DA0000877F1D /* SampleAppUITests.swift in Sources */ = {isa = PBXBuildFile; fileRef = 6264431A2195DA0000877F1D /* SampleAppUITests.swift */; };
		62994B532195E7A4007FE87D /* Helper.swift in Sources */ = {isa = PBXBuildFile; fileRef = 62994B522195E7A4007FE87D /* Helper.swift */; };
		F562894A0D94B90071DE14D4 /* Pods_SampleApp.framework in Frameworks */ = {isa = PBXBuildFile; fileRef = ACA42A9D056B625F4A6173C9 /* Pods_SampleApp.framework */; };
/* End PBXBuildFile section */

/* Begin PBXContainerItemProxy section */
		6264430C2195DA0000877F1D /* PBXContainerItemProxy */ = {
			isa = PBXContainerItemProxy;
			containerPortal = 626442EF2195D9FD00877F1D /* Project object */;
			proxyType = 1;
			remoteGlobalIDString = 626442F62195D9FD00877F1D;
			remoteInfo = SampleApp;
		};
		626443172195DA0000877F1D /* PBXContainerItemProxy */ = {
			isa = PBXContainerItemProxy;
			containerPortal = 626442EF2195D9FD00877F1D /* Project object */;
			proxyType = 1;
			remoteGlobalIDString = 626442F62195D9FD00877F1D;
			remoteInfo = SampleApp;
		};
/* End PBXContainerItemProxy section */

/* Begin PBXFileReference section */
		132C15C32114F632E6D9C9FE /* Pods-SampleApp.release.xcconfig */ = {isa = PBXFileReference; includeInIndex = 1; lastKnownFileType = text.xcconfig; name = "Pods-SampleApp.release.xcconfig"; path = "Pods/Target Support Files/Pods-SampleApp/Pods-SampleApp.release.xcconfig"; sourceTree = "<group>"; };
		1D78A871E260ACB7FED446A4 /* Pods-SampleAppTests.release.xcconfig */ = {isa = PBXFileReference; includeInIndex = 1; lastKnownFileType = text.xcconfig; name = "Pods-SampleAppTests.release.xcconfig"; path = "Pods/Target Support Files/Pods-SampleAppTests/Pods-SampleAppTests.release.xcconfig"; sourceTree = "<group>"; };
		20CCE4002B8390F25F0D1D41 /* Pods_SampleAppUITests.framework */ = {isa = PBXFileReference; explicitFileType = wrapper.framework; includeInIndex = 0; path = Pods_SampleAppUITests.framework; sourceTree = BUILT_PRODUCTS_DIR; };
		39D5B14678A72CE2EFF3DAD3 /* Pods_SampleAppTests.framework */ = {isa = PBXFileReference; explicitFileType = wrapper.framework; includeInIndex = 0; path = Pods_SampleAppTests.framework; sourceTree = BUILT_PRODUCTS_DIR; };
		4D6685C447B1F96CF4C0FA25 /* Pods-SampleAppUITests.release.xcconfig */ = {isa = PBXFileReference; includeInIndex = 1; lastKnownFileType = text.xcconfig; name = "Pods-SampleAppUITests.release.xcconfig"; path = "Pods/Target Support Files/Pods-SampleAppUITests/Pods-SampleAppUITests.release.xcconfig"; sourceTree = "<group>"; };
		626442F72195D9FD00877F1D /* SampleApp.app */ = {isa = PBXFileReference; explicitFileType = wrapper.application; includeInIndex = 0; path = SampleApp.app; sourceTree = BUILT_PRODUCTS_DIR; };
		626442FA2195D9FE00877F1D /* AppDelegate.swift */ = {isa = PBXFileReference; lastKnownFileType = sourcecode.swift; path = AppDelegate.swift; sourceTree = "<group>"; };
		626442FC2195D9FE00877F1D /* ViewController.swift */ = {isa = PBXFileReference; lastKnownFileType = sourcecode.swift; path = ViewController.swift; sourceTree = "<group>"; };
		626442FF2195D9FE00877F1D /* Base */ = {isa = PBXFileReference; lastKnownFileType = file.storyboard; name = Base; path = Base.lproj/Main.storyboard; sourceTree = "<group>"; };
		626443012195DA0000877F1D /* Assets.xcassets */ = {isa = PBXFileReference; lastKnownFileType = folder.assetcatalog; path = Assets.xcassets; sourceTree = "<group>"; };
		626443042195DA0000877F1D /* Base */ = {isa = PBXFileReference; lastKnownFileType = file.storyboard; name = Base; path = Base.lproj/LaunchScreen.storyboard; sourceTree = "<group>"; };
		626443062195DA0000877F1D /* Info.plist */ = {isa = PBXFileReference; lastKnownFileType = text.plist.xml; path = Info.plist; sourceTree = "<group>"; };
		6264430B2195DA0000877F1D /* SampleAppTests.xctest */ = {isa = PBXFileReference; explicitFileType = wrapper.cfbundle; includeInIndex = 0; path = SampleAppTests.xctest; sourceTree = BUILT_PRODUCTS_DIR; };
		6264430F2195DA0000877F1D /* SampleAppTests.swift */ = {isa = PBXFileReference; lastKnownFileType = sourcecode.swift; path = SampleAppTests.swift; sourceTree = "<group>"; };
		626443112195DA0000877F1D /* Info.plist */ = {isa = PBXFileReference; lastKnownFileType = text.plist.xml; path = Info.plist; sourceTree = "<group>"; };
		626443162195DA0000877F1D /* SampleAppUITests.xctest */ = {isa = PBXFileReference; explicitFileType = wrapper.cfbundle; includeInIndex = 0; path = SampleAppUITests.xctest; sourceTree = BUILT_PRODUCTS_DIR; };
		6264431A2195DA0000877F1D /* SampleAppUITests.swift */ = {isa = PBXFileReference; lastKnownFileType = sourcecode.swift; path = SampleAppUITests.swift; sourceTree = "<group>"; };
		6264431C2195DA0000877F1D /* Info.plist */ = {isa = PBXFileReference; lastKnownFileType = text.plist.xml; path = Info.plist; sourceTree = "<group>"; };
		62994B522195E7A4007FE87D /* Helper.swift */ = {isa = PBXFileReference; lastKnownFileType = sourcecode.swift; path = Helper.swift; sourceTree = "<group>"; };
		7AFF6BD83B110C447F34BD27 /* Pods-SampleAppTests.debug.xcconfig */ = {isa = PBXFileReference; includeInIndex = 1; lastKnownFileType = text.xcconfig; name = "Pods-SampleAppTests.debug.xcconfig"; path = "Pods/Target Support Files/Pods-SampleAppTests/Pods-SampleAppTests.debug.xcconfig"; sourceTree = "<group>"; };
		ACA42A9D056B625F4A6173C9 /* Pods_SampleApp.framework */ = {isa = PBXFileReference; explicitFileType = wrapper.framework; includeInIndex = 0; path = Pods_SampleApp.framework; sourceTree = BUILT_PRODUCTS_DIR; };
		BB1B9742A27CEDC573EDB607 /* Pods-SampleApp.debug.xcconfig */ = {isa = PBXFileReference; includeInIndex = 1; lastKnownFileType = text.xcconfig; name = "Pods-SampleApp.debug.xcconfig"; path = "Pods/Target Support Files/Pods-SampleApp/Pods-SampleApp.debug.xcconfig"; sourceTree = "<group>"; };
		BCC817ADC0457758441CE380 /* Pods-SampleAppUITests.debug.xcconfig */ = {isa = PBXFileReference; includeInIndex = 1; lastKnownFileType = text.xcconfig; name = "Pods-SampleAppUITests.debug.xcconfig"; path = "Pods/Target Support Files/Pods-SampleAppUITests/Pods-SampleAppUITests.debug.xcconfig"; sourceTree = "<group>"; };
/* End PBXFileReference section */

/* Begin PBXFrameworksBuildPhase section */
		626442F42195D9FD00877F1D /* Frameworks */ = {
			isa = PBXFrameworksBuildPhase;
			buildActionMask = 2147483647;
			files = (
				F562894A0D94B90071DE14D4 /* Pods_SampleApp.framework in Frameworks */,
			);
			runOnlyForDeploymentPostprocessing = 0;
		};
		626443082195DA0000877F1D /* Frameworks */ = {
			isa = PBXFrameworksBuildPhase;
			buildActionMask = 2147483647;
			files = (
				3F1612360CEA2CC09B5CD9DB /* Pods_SampleAppTests.framework in Frameworks */,
			);
			runOnlyForDeploymentPostprocessing = 0;
		};
		626443132195DA0000877F1D /* Frameworks */ = {
			isa = PBXFrameworksBuildPhase;
			buildActionMask = 2147483647;
			files = (
				3FE633277D37A5A994C7D39A /* Pods_SampleAppUITests.framework in Frameworks */,
			);
			runOnlyForDeploymentPostprocessing = 0;
		};
/* End PBXFrameworksBuildPhase section */

/* Begin PBXGroup section */
		3ADFCF7C9966E4D1B9B4F212 /* Frameworks */ = {
			isa = PBXGroup;
			children = (
				ACA42A9D056B625F4A6173C9 /* Pods_SampleApp.framework */,
				39D5B14678A72CE2EFF3DAD3 /* Pods_SampleAppTests.framework */,
				20CCE4002B8390F25F0D1D41 /* Pods_SampleAppUITests.framework */,
			);
			name = Frameworks;
			sourceTree = "<group>";
		};
		626442EE2195D9FD00877F1D = {
			isa = PBXGroup;
			children = (
				626442F92195D9FD00877F1D /* SampleApp */,
				6264430E2195DA0000877F1D /* SampleAppTests */,
				626443192195DA0000877F1D /* SampleAppUITests */,
				626442F82195D9FD00877F1D /* Products */,
				C0838CE5BDC5455AAE0FB9E1 /* Pods */,
				3ADFCF7C9966E4D1B9B4F212 /* Frameworks */,
			);
			sourceTree = "<group>";
		};
		626442F82195D9FD00877F1D /* Products */ = {
			isa = PBXGroup;
			children = (
				626442F72195D9FD00877F1D /* SampleApp.app */,
				6264430B2195DA0000877F1D /* SampleAppTests.xctest */,
				626443162195DA0000877F1D /* SampleAppUITests.xctest */,
			);
			name = Products;
			sourceTree = "<group>";
		};
		626442F92195D9FD00877F1D /* SampleApp */ = {
			isa = PBXGroup;
			children = (
				626442FA2195D9FE00877F1D /* AppDelegate.swift */,
				626442FC2195D9FE00877F1D /* ViewController.swift */,
				626442FE2195D9FE00877F1D /* Main.storyboard */,
				626443012195DA0000877F1D /* Assets.xcassets */,
				626443032195DA0000877F1D /* LaunchScreen.storyboard */,
				626443062195DA0000877F1D /* Info.plist */,
				62994B522195E7A4007FE87D /* Helper.swift */,
			);
			path = SampleApp;
			sourceTree = "<group>";
		};
		6264430E2195DA0000877F1D /* SampleAppTests */ = {
			isa = PBXGroup;
			children = (
				6264430F2195DA0000877F1D /* SampleAppTests.swift */,
				626443112195DA0000877F1D /* Info.plist */,
			);
			name = SampleAppTests;
			path = Tests/SampleAppTests;
			sourceTree = "<group>";
		};
		626443192195DA0000877F1D /* SampleAppUITests */ = {
			isa = PBXGroup;
			children = (
				6264431A2195DA0000877F1D /* SampleAppUITests.swift */,
				6264431C2195DA0000877F1D /* Info.plist */,
			);
			name = SampleAppUITests;
			path = Tests/SampleAppUITests;
			sourceTree = "<group>";
		};
		C0838CE5BDC5455AAE0FB9E1 /* Pods */ = {
			isa = PBXGroup;
			children = (
				BB1B9742A27CEDC573EDB607 /* Pods-SampleApp.debug.xcconfig */,
				132C15C32114F632E6D9C9FE /* Pods-SampleApp.release.xcconfig */,
				7AFF6BD83B110C447F34BD27 /* Pods-SampleAppTests.debug.xcconfig */,
				1D78A871E260ACB7FED446A4 /* Pods-SampleAppTests.release.xcconfig */,
				BCC817ADC0457758441CE380 /* Pods-SampleAppUITests.debug.xcconfig */,
				4D6685C447B1F96CF4C0FA25 /* Pods-SampleAppUITests.release.xcconfig */,
			);
			name = Pods;
			sourceTree = "<group>";
		};
/* End PBXGroup section */

/* Begin PBXNativeTarget section */
		626442F62195D9FD00877F1D /* SampleApp */ = {
			isa = PBXNativeTarget;
			buildConfigurationList = 6264431F2195DA0000877F1D /* Build configuration list for PBXNativeTarget "SampleApp" */;
			buildPhases = (
				FDF3C6ABBC0C62E52A5140EB /* [CP] Check Pods Manifest.lock */,
				626442F32195D9FD00877F1D /* Sources */,
				626442F42195D9FD00877F1D /* Frameworks */,
				626442F52195D9FD00877F1D /* Resources */,
			);
			buildRules = (
			);
			dependencies = (
			);
			name = SampleApp;
			productName = SampleApp;
			productReference = 626442F72195D9FD00877F1D /* SampleApp.app */;
			productType = "com.apple.product-type.application";
		};
		6264430A2195DA0000877F1D /* SampleAppTests */ = {
			isa = PBXNativeTarget;
			buildConfigurationList = 626443222195DA0000877F1D /* Build configuration list for PBXNativeTarget "SampleAppTests" */;
			buildPhases = (
				CF8D060282ADEB097E8FB10F /* [CP] Check Pods Manifest.lock */,
				626443072195DA0000877F1D /* Sources */,
				626443082195DA0000877F1D /* Frameworks */,
				626443092195DA0000877F1D /* Resources */,
			);
			buildRules = (
			);
			dependencies = (
				6264430D2195DA0000877F1D /* PBXTargetDependency */,
			);
			name = SampleAppTests;
			productName = SampleAppTests;
			productReference = 6264430B2195DA0000877F1D /* SampleAppTests.xctest */;
			productType = "com.apple.product-type.bundle.unit-test";
		};
		626443152195DA0000877F1D /* SampleAppUITests */ = {
			isa = PBXNativeTarget;
			buildConfigurationList = 626443252195DA0000877F1D /* Build configuration list for PBXNativeTarget "SampleAppUITests" */;
			buildPhases = (
				699BFF295C08205EB8D221FB /* [CP] Check Pods Manifest.lock */,
				626443122195DA0000877F1D /* Sources */,
				626443132195DA0000877F1D /* Frameworks */,
				626443142195DA0000877F1D /* Resources */,
			);
			buildRules = (
			);
			dependencies = (
				626443182195DA0000877F1D /* PBXTargetDependency */,
			);
			name = SampleAppUITests;
			productName = SampleAppUITests;
			productReference = 626443162195DA0000877F1D /* SampleAppUITests.xctest */;
			productType = "com.apple.product-type.bundle.ui-testing";
		};
/* End PBXNativeTarget section */

/* Begin PBXProject section */
		626442EF2195D9FD00877F1D /* Project object */ = {
			isa = PBXProject;
			attributes = {
				LastSwiftUpdateCheck = 1000;
				LastUpgradeCheck = 1000;
				ORGANIZATIONNAME = "Cigna Inc.";
				TargetAttributes = {
					626442F62195D9FD00877F1D = {
						CreatedOnToolsVersion = 10.0;
					};
					6264430A2195DA0000877F1D = {
						CreatedOnToolsVersion = 10.0;
						TestTargetID = 626442F62195D9FD00877F1D;
					};
					626443152195DA0000877F1D = {
						CreatedOnToolsVersion = 10.0;
						TestTargetID = 626442F62195D9FD00877F1D;
					};
				};
			};
			buildConfigurationList = 626442F22195D9FD00877F1D /* Build configuration list for PBXProject "SampleApp" */;
			compatibilityVersion = "Xcode 9.3";
			developmentRegion = en;
			hasScannedForEncodings = 0;
			knownRegions = (
				en,
				Base,
			);
			mainGroup = 626442EE2195D9FD00877F1D;
			productRefGroup = 626442F82195D9FD00877F1D /* Products */;
			projectDirPath = "";
			projectRoot = "";
			targets = (
				626442F62195D9FD00877F1D /* SampleApp */,
				6264430A2195DA0000877F1D /* SampleAppTests */,
				626443152195DA0000877F1D /* SampleAppUITests */,
			);
		};
/* End PBXProject section */

/* Begin PBXResourcesBuildPhase section */
		626442F52195D9FD00877F1D /* Resources */ = {
			isa = PBXResourcesBuildPhase;
			buildActionMask = 2147483647;
			files = (
				626443052195DA0000877F1D /* LaunchScreen.storyboard in Resources */,
				626443022195DA0000877F1D /* Assets.xcassets in Resources */,
				626443002195D9FE00877F1D /* Main.storyboard in Resources */,
			);
			runOnlyForDeploymentPostprocessing = 0;
		};
		626443092195DA0000877F1D /* Resources */ = {
			isa = PBXResourcesBuildPhase;
			buildActionMask = 2147483647;
			files = (
			);
			runOnlyForDeploymentPostprocessing = 0;
		};
		626443142195DA0000877F1D /* Resources */ = {
			isa = PBXResourcesBuildPhase;
			buildActionMask = 2147483647;
			files = (
			);
			runOnlyForDeploymentPostprocessing = 0;
		};
/* End PBXResourcesBuildPhase section */

/* Begin PBXShellScriptBuildPhase section */
		699BFF295C08205EB8D221FB /* [CP] Check Pods Manifest.lock */ = {
			isa = PBXShellScriptBuildPhase;
			buildActionMask = 2147483647;
			files = (
			);
			inputFileListPaths = (
			);
			inputPaths = (
				"${PODS_PODFILE_DIR_PATH}/Podfile.lock",
				"${PODS_ROOT}/Manifest.lock",
			);
			name = "[CP] Check Pods Manifest.lock";
			outputFileListPaths = (
			);
			outputPaths = (
				"$(DERIVED_FILE_DIR)/Pods-SampleAppUITests-checkManifestLockResult.txt",
			);
			runOnlyForDeploymentPostprocessing = 0;
			shellPath = /bin/sh;
			shellScript = "diff \"${PODS_PODFILE_DIR_PATH}/Podfile.lock\" \"${PODS_ROOT}/Manifest.lock\" > /dev/null\nif [ $? != 0 ] ; then\n    # print error to STDERR\n    echo \"error: The sandbox is not in sync with the Podfile.lock. Run 'pod install' or update your CocoaPods installation.\" >&2\n    exit 1\nfi\n# This output is used by Xcode 'outputs' to avoid re-running this script phase.\necho \"SUCCESS\" > \"${SCRIPT_OUTPUT_FILE_0}\"\n";
			showEnvVarsInLog = 0;
		};
		CF8D060282ADEB097E8FB10F /* [CP] Check Pods Manifest.lock */ = {
			isa = PBXShellScriptBuildPhase;
			buildActionMask = 2147483647;
			files = (
			);
			inputFileListPaths = (
			);
			inputPaths = (
				"${PODS_PODFILE_DIR_PATH}/Podfile.lock",
				"${PODS_ROOT}/Manifest.lock",
			);
			name = "[CP] Check Pods Manifest.lock";
			outputFileListPaths = (
			);
			outputPaths = (
				"$(DERIVED_FILE_DIR)/Pods-SampleAppTests-checkManifestLockResult.txt",
			);
			runOnlyForDeploymentPostprocessing = 0;
			shellPath = /bin/sh;
			shellScript = "diff \"${PODS_PODFILE_DIR_PATH}/Podfile.lock\" \"${PODS_ROOT}/Manifest.lock\" > /dev/null\nif [ $? != 0 ] ; then\n    # print error to STDERR\n    echo \"error: The sandbox is not in sync with the Podfile.lock. Run 'pod install' or update your CocoaPods installation.\" >&2\n    exit 1\nfi\n# This output is used by Xcode 'outputs' to avoid re-running this script phase.\necho \"SUCCESS\" > \"${SCRIPT_OUTPUT_FILE_0}\"\n";
			showEnvVarsInLog = 0;
		};
		FDF3C6ABBC0C62E52A5140EB /* [CP] Check Pods Manifest.lock */ = {
			isa = PBXShellScriptBuildPhase;
			buildActionMask = 2147483647;
			files = (
			);
			inputFileListPaths = (
			);
			inputPaths = (
				"${PODS_PODFILE_DIR_PATH}/Podfile.lock",
				"${PODS_ROOT}/Manifest.lock",
			);
			name = "[CP] Check Pods Manifest.lock";
			outputFileListPaths = (
			);
			outputPaths = (
				"$(DERIVED_FILE_DIR)/Pods-SampleApp-checkManifestLockResult.txt",
			);
			runOnlyForDeploymentPostprocessing = 0;
			shellPath = /bin/sh;
			shellScript = "diff \"${PODS_PODFILE_DIR_PATH}/Podfile.lock\" \"${PODS_ROOT}/Manifest.lock\" > /dev/null\nif [ $? != 0 ] ; then\n    # print error to STDERR\n    echo \"error: The sandbox is not in sync with the Podfile.lock. Run 'pod install' or update your CocoaPods installation.\" >&2\n    exit 1\nfi\n# This output is used by Xcode 'outputs' to avoid re-running this script phase.\necho \"SUCCESS\" > \"${SCRIPT_OUTPUT_FILE_0}\"\n";
			showEnvVarsInLog = 0;
		};
/* End PBXShellScriptBuildPhase section */

/* Begin PBXSourcesBuildPhase section */
		626442F32195D9FD00877F1D /* Sources */ = {
			isa = PBXSourcesBuildPhase;
			buildActionMask = 2147483647;
			files = (
				626442FD2195D9FE00877F1D /* ViewController.swift in Sources */,
				626442FB2195D9FE00877F1D /* AppDelegate.swift in Sources */,
				62994B532195E7A4007FE87D /* Helper.swift in Sources */,
			);
			runOnlyForDeploymentPostprocessing = 0;
		};
		626443072195DA0000877F1D /* Sources */ = {
			isa = PBXSourcesBuildPhase;
			buildActionMask = 2147483647;
			files = (
				626443102195DA0000877F1D /* SampleAppTests.swift in Sources */,
			);
			runOnlyForDeploymentPostprocessing = 0;
		};
		626443122195DA0000877F1D /* Sources */ = {
			isa = PBXSourcesBuildPhase;
			buildActionMask = 2147483647;
			files = (
				6264431B2195DA0000877F1D /* SampleAppUITests.swift in Sources */,
			);
			runOnlyForDeploymentPostprocessing = 0;
		};
/* End PBXSourcesBuildPhase section */

/* Begin PBXTargetDependency section */
		6264430D2195DA0000877F1D /* PBXTargetDependency */ = {
			isa = PBXTargetDependency;
			target = 626442F62195D9FD00877F1D /* SampleApp */;
			targetProxy = 6264430C2195DA0000877F1D /* PBXContainerItemProxy */;
		};
		626443182195DA0000877F1D /* PBXTargetDependency */ = {
			isa = PBXTargetDependency;
			target = 626442F62195D9FD00877F1D /* SampleApp */;
			targetProxy = 626443172195DA0000877F1D /* PBXContainerItemProxy */;
		};
/* End PBXTargetDependency section */

/* Begin PBXVariantGroup section */
		626442FE2195D9FE00877F1D /* Main.storyboard */ = {
			isa = PBXVariantGroup;
			children = (
				626442FF2195D9FE00877F1D /* Base */,
			);
			name = Main.storyboard;
			sourceTree = "<group>";
		};
		626443032195DA0000877F1D /* LaunchScreen.storyboard */ = {
			isa = PBXVariantGroup;
			children = (
				626443042195DA0000877F1D /* Base */,
			);
			name = LaunchScreen.storyboard;
			sourceTree = "<group>";
		};
/* End PBXVariantGroup section */

/* Begin XCBuildConfiguration section */
		6264431D2195DA0000877F1D /* Debug */ = {
			isa = XCBuildConfiguration;
			buildSettings = {
				ALWAYS_SEARCH_USER_PATHS = NO;
				CLANG_ANALYZER_NONNULL = YES;
				CLANG_ANALYZER_NUMBER_OBJECT_CONVERSION = YES_AGGRESSIVE;
				CLANG_CXX_LANGUAGE_STANDARD = "gnu++14";
				CLANG_CXX_LIBRARY = "libc++";
				CLANG_ENABLE_MODULES = YES;
				CLANG_ENABLE_OBJC_ARC = YES;
				CLANG_ENABLE_OBJC_WEAK = YES;
				CLANG_WARN_BLOCK_CAPTURE_AUTORELEASING = YES;
				CLANG_WARN_BOOL_CONVERSION = YES;
				CLANG_WARN_COMMA = YES;
				CLANG_WARN_CONSTANT_CONVERSION = YES;
				CLANG_WARN_DEPRECATED_OBJC_IMPLEMENTATIONS = YES;
				CLANG_WARN_DIRECT_OBJC_ISA_USAGE = YES_ERROR;
				CLANG_WARN_DOCUMENTATION_COMMENTS = YES;
				CLANG_WARN_EMPTY_BODY = YES;
				CLANG_WARN_ENUM_CONVERSION = YES;
				CLANG_WARN_INFINITE_RECURSION = YES;
				CLANG_WARN_INT_CONVERSION = YES;
				CLANG_WARN_NON_LITERAL_NULL_CONVERSION = YES;
				CLANG_WARN_OBJC_IMPLICIT_RETAIN_SELF = YES;
				CLANG_WARN_OBJC_LITERAL_CONVERSION = YES;
				CLANG_WARN_OBJC_ROOT_CLASS = YES_ERROR;
				CLANG_WARN_RANGE_LOOP_ANALYSIS = YES;
				CLANG_WARN_STRICT_PROTOTYPES = YES;
				CLANG_WARN_SUSPICIOUS_MOVE = YES;
				CLANG_WARN_UNGUARDED_AVAILABILITY = YES_AGGRESSIVE;
				CLANG_WARN_UNREACHABLE_CODE = YES;
				CLANG_WARN__DUPLICATE_METHOD_MATCH = YES;
				CODE_SIGN_IDENTITY = "iPhone Developer";
				COPY_PHASE_STRIP = NO;
				CURRENT_PROJECT_VERSION = 1;
				DEBUG_INFORMATION_FORMAT = "dwarf-with-dsym";
				ENABLE_BITCODE = NO;
				ENABLE_STRICT_OBJC_MSGSEND = YES;
				ENABLE_TESTABILITY = YES;
				GCC_C_LANGUAGE_STANDARD = gnu11;
				GCC_DYNAMIC_NO_PIC = NO;
				GCC_NO_COMMON_BLOCKS = YES;
				GCC_OPTIMIZATION_LEVEL = 0;
				GCC_PREPROCESSOR_DEFINITIONS = (
					"DEBUG=1",
					"$(inherited)",
				);
				GCC_WARN_64_TO_32_BIT_CONVERSION = YES;
				GCC_WARN_ABOUT_RETURN_TYPE = YES_ERROR;
				GCC_WARN_UNDECLARED_SELECTOR = YES;
				GCC_WARN_UNINITIALIZED_AUTOS = YES_AGGRESSIVE;
				GCC_WARN_UNUSED_FUNCTION = YES;
				GCC_WARN_UNUSED_VARIABLE = YES;
				IPHONEOS_DEPLOYMENT_TARGET = 12.0;
				MTL_ENABLE_DEBUG_INFO = INCLUDE_SOURCE;
				MTL_FAST_MATH = YES;
				ONLY_ACTIVE_ARCH = YES;
				OTHER_SWIFT_FLAGS = "";
				SDKROOT = iphoneos;
				SWIFT_ACTIVE_COMPILATION_CONDITIONS = DEBUG;
				SWIFT_OPTIMIZATION_LEVEL = "-Onone";
				VERSIONING_SYSTEM = "apple-generic";
			};
			name = Debug;
		};
		6264431E2195DA0000877F1D /* Release */ = {
			isa = XCBuildConfiguration;
			buildSettings = {
				ALWAYS_SEARCH_USER_PATHS = NO;
				CLANG_ANALYZER_NONNULL = YES;
				CLANG_ANALYZER_NUMBER_OBJECT_CONVERSION = YES_AGGRESSIVE;
				CLANG_CXX_LANGUAGE_STANDARD = "gnu++14";
				CLANG_CXX_LIBRARY = "libc++";
				CLANG_ENABLE_MODULES = YES;
				CLANG_ENABLE_OBJC_ARC = YES;
				CLANG_ENABLE_OBJC_WEAK = YES;
				CLANG_WARN_BLOCK_CAPTURE_AUTORELEASING = YES;
				CLANG_WARN_BOOL_CONVERSION = YES;
				CLANG_WARN_COMMA = YES;
				CLANG_WARN_CONSTANT_CONVERSION = YES;
				CLANG_WARN_DEPRECATED_OBJC_IMPLEMENTATIONS = YES;
				CLANG_WARN_DIRECT_OBJC_ISA_USAGE = YES_ERROR;
				CLANG_WARN_DOCUMENTATION_COMMENTS = YES;
				CLANG_WARN_EMPTY_BODY = YES;
				CLANG_WARN_ENUM_CONVERSION = YES;
				CLANG_WARN_INFINITE_RECURSION = YES;
				CLANG_WARN_INT_CONVERSION = YES;
				CLANG_WARN_NON_LITERAL_NULL_CONVERSION = YES;
				CLANG_WARN_OBJC_IMPLICIT_RETAIN_SELF = YES;
				CLANG_WARN_OBJC_LITERAL_CONVERSION = YES;
				CLANG_WARN_OBJC_ROOT_CLASS = YES_ERROR;
				CLANG_WARN_RANGE_LOOP_ANALYSIS = YES;
				CLANG_WARN_STRICT_PROTOTYPES = YES;
				CLANG_WARN_SUSPICIOUS_MOVE = YES;
				CLANG_WARN_UNGUARDED_AVAILABILITY = YES_AGGRESSIVE;
				CLANG_WARN_UNREACHABLE_CODE = YES;
				CLANG_WARN__DUPLICATE_METHOD_MATCH = YES;
				CODE_SIGN_IDENTITY = "iPhone Developer";
				COPY_PHASE_STRIP = NO;
				CURRENT_PROJECT_VERSION = 1;
				DEBUG_INFORMATION_FORMAT = "dwarf-with-dsym";
				ENABLE_BITCODE = NO;
				ENABLE_NS_ASSERTIONS = NO;
				ENABLE_STRICT_OBJC_MSGSEND = YES;
				ENABLE_TESTABILITY = YES;
				GCC_C_LANGUAGE_STANDARD = gnu11;
				GCC_NO_COMMON_BLOCKS = YES;
				GCC_WARN_64_TO_32_BIT_CONVERSION = YES;
				GCC_WARN_ABOUT_RETURN_TYPE = YES_ERROR;
				GCC_WARN_UNDECLARED_SELECTOR = YES;
				GCC_WARN_UNINITIALIZED_AUTOS = YES_AGGRESSIVE;
				GCC_WARN_UNUSED_FUNCTION = YES;
				GCC_WARN_UNUSED_VARIABLE = YES;
				IPHONEOS_DEPLOYMENT_TARGET = 12.0;
				MTL_ENABLE_DEBUG_INFO = NO;
				MTL_FAST_MATH = YES;
				SDKROOT = iphoneos;
				SWIFT_COMPILATION_MODE = wholemodule;
				SWIFT_OPTIMIZATION_LEVEL = "-O";
				VALIDATE_PRODUCT = YES;
				VERSIONING_SYSTEM = "apple-generic";
			};
			name = Release;
		};
		626443202195DA0000877F1D /* Debug */ = {
			isa = XCBuildConfiguration;
			baseConfigurationReference = BB1B9742A27CEDC573EDB607 /* Pods-SampleApp.debug.xcconfig */;
			buildSettings = {
				ASSETCATALOG_COMPILER_APPICON_NAME = AppIcon;
				ASSETCATALOG_COMPILER_LAUNCHIMAGE_NAME = LaunchImage;
				CODE_SIGN_STYLE = Automatic;
				DEVELOPMENT_TEAM = 4Z6MTB864G;
				INFOPLIST_FILE = SampleApp/Info.plist;
				IPHONEOS_DEPLOYMENT_TARGET = 9.0;
				LD_RUNPATH_SEARCH_PATHS = (
					"$(inherited)",
					"@executable_path/Frameworks",
				);
				PRODUCT_BUNDLE_IDENTIFIER = com.cigna.mobile.sampleapp;
				PRODUCT_NAME = "$(TARGET_NAME)";
				SWIFT_VERSION = 4.2;
				TARGETED_DEVICE_FAMILY = 1;
			};
			name = Debug;
		};
		626443212195DA0000877F1D /* Release */ = {
			isa = XCBuildConfiguration;
			baseConfigurationReference = 132C15C32114F632E6D9C9FE /* Pods-SampleApp.release.xcconfig */;
			buildSettings = {
				ASSETCATALOG_COMPILER_APPICON_NAME = AppIcon;
				ASSETCATALOG_COMPILER_LAUNCHIMAGE_NAME = LaunchImage;
				CODE_SIGN_STYLE = Automatic;
				DEVELOPMENT_TEAM = 4Z6MTB864G;
				INFOPLIST_FILE = SampleApp/Info.plist;
				IPHONEOS_DEPLOYMENT_TARGET = 9.0;
				LD_RUNPATH_SEARCH_PATHS = (
					"$(inherited)",
					"@executable_path/Frameworks",
				);
				PRODUCT_BUNDLE_IDENTIFIER = com.cigna.mobile.sampleapp;
				PRODUCT_NAME = "$(TARGET_NAME)";
				SWIFT_VERSION = 4.2;
				TARGETED_DEVICE_FAMILY = 1;
			};
			name = Release;
		};
		626443232195DA0000877F1D /* Debug */ = {
			isa = XCBuildConfiguration;
			baseConfigurationReference = 7AFF6BD83B110C447F34BD27 /* Pods-SampleAppTests.debug.xcconfig */;
			buildSettings = {
				ALWAYS_EMBED_SWIFT_STANDARD_LIBRARIES = YES;
				BUNDLE_LOADER = "$(TEST_HOST)";
				CODE_SIGN_STYLE = Automatic;
				DEVELOPMENT_TEAM = 4Z6MTB864G;
				INFOPLIST_FILE = Tests/SampleAppTests/Info.plist;
				LD_RUNPATH_SEARCH_PATHS = (
					"$(inherited)",
					"@executable_path/Frameworks",
					"@loader_path/Frameworks",
				);
				PRODUCT_BUNDLE_IDENTIFIER = com.cigna.mobile.sampleapp.enterprise.SampleAppTests;
				PRODUCT_NAME = "$(TARGET_NAME)";
				SWIFT_VERSION = 4.2;
				TARGETED_DEVICE_FAMILY = "1,2";
				TEST_HOST = "$(BUILT_PRODUCTS_DIR)/SampleApp.app/SampleApp";
			};
			name = Debug;
		};
		626443242195DA0000877F1D /* Release */ = {
			isa = XCBuildConfiguration;
			baseConfigurationReference = 1D78A871E260ACB7FED446A4 /* Pods-SampleAppTests.release.xcconfig */;
			buildSettings = {
				ALWAYS_EMBED_SWIFT_STANDARD_LIBRARIES = YES;
				BUNDLE_LOADER = "$(TEST_HOST)";
				CODE_SIGN_STYLE = Automatic;
				DEVELOPMENT_TEAM = 4Z6MTB864G;
				INFOPLIST_FILE = Tests/SampleAppTests/Info.plist;
				LD_RUNPATH_SEARCH_PATHS = (
					"$(inherited)",
					"@executable_path/Frameworks",
					"@loader_path/Frameworks",
				);
				PRODUCT_BUNDLE_IDENTIFIER = com.cigna.mobile.sampleapp.enterprise.SampleAppTests;
				PRODUCT_NAME = "$(TARGET_NAME)";
				SWIFT_VERSION = 4.2;
				TARGETED_DEVICE_FAMILY = "1,2";
				TEST_HOST = "$(BUILT_PRODUCTS_DIR)/SampleApp.app/SampleApp";
			};
			name = Release;
		};
		626443262195DA0000877F1D /* Debug */ = {
			isa = XCBuildConfiguration;
			baseConfigurationReference = BCC817ADC0457758441CE380 /* Pods-SampleAppUITests.debug.xcconfig */;
			buildSettings = {
				ALWAYS_EMBED_SWIFT_STANDARD_LIBRARIES = YES;
				CODE_SIGN_STYLE = Automatic;
				DEVELOPMENT_TEAM = 4Z6MTB864G;
				INFOPLIST_FILE = Tests/SampleAppUITests/Info.plist;
				LD_RUNPATH_SEARCH_PATHS = (
					"$(inherited)",
					"@executable_path/Frameworks",
					"@loader_path/Frameworks",
				);
				PRODUCT_BUNDLE_IDENTIFIER = com.cigna.mobile.sampleapp.enterprise.SampleAppUITests;
				PRODUCT_NAME = "$(TARGET_NAME)";
				SWIFT_VERSION = 4.2;
				TARGETED_DEVICE_FAMILY = "1,2";
				TEST_TARGET_NAME = SampleApp;
			};
			name = Debug;
		};
		626443272195DA0000877F1D /* Release */ = {
			isa = XCBuildConfiguration;
			baseConfigurationReference = 4D6685C447B1F96CF4C0FA25 /* Pods-SampleAppUITests.release.xcconfig */;
			buildSettings = {
				ALWAYS_EMBED_SWIFT_STANDARD_LIBRARIES = YES;
				CODE_SIGN_STYLE = Automatic;
				DEVELOPMENT_TEAM = 4Z6MTB864G;
				INFOPLIST_FILE = Tests/SampleAppUITests/Info.plist;
				LD_RUNPATH_SEARCH_PATHS = (
					"$(inherited)",
					"@executable_path/Frameworks",
					"@loader_path/Frameworks",
				);
				PRODUCT_BUNDLE_IDENTIFIER = com.cigna.mobile.sampleapp.enterprise.SampleAppUITests;
				PRODUCT_NAME = "$(TARGET_NAME)";
				SWIFT_VERSION = 4.2;
				TARGETED_DEVICE_FAMILY = "1,2";
				TEST_TARGET_NAME = SampleApp;
			};
			name = Release;
		};
/* End XCBuildConfiguration section */

/* Begin XCConfigurationList section */
		626442F22195D9FD00877F1D /* Build configuration list for PBXProject "SampleApp" */ = {
			isa = XCConfigurationList;
			buildConfigurations = (
				6264431D2195DA0000877F1D /* Debug */,
				6264431E2195DA0000877F1D /* Release */,
			);
			defaultConfigurationIsVisible = 0;
			defaultConfigurationName = Release;
		};
		6264431F2195DA0000877F1D /* Build configuration list for PBXNativeTarget "SampleApp" */ = {
			isa = XCConfigurationList;
			buildConfigurations = (
				626443202195DA0000877F1D /* Debug */,
				626443212195DA0000877F1D /* Release */,
			);
			defaultConfigurationIsVisible = 0;
			defaultConfigurationName = Release;
		};
		626443222195DA0000877F1D /* Build configuration list for PBXNativeTarget "SampleAppTests" */ = {
			isa = XCConfigurationList;
			buildConfigurations = (
				626443232195DA0000877F1D /* Debug */,
				626443242195DA0000877F1D /* Release */,
			);
			defaultConfigurationIsVisible = 0;
			defaultConfigurationName = Release;
		};
		626443252195DA0000877F1D /* Build configuration list for PBXNativeTarget "SampleAppUITests" */ = {
			isa = XCConfigurationList;
			buildConfigurations = (
				626443262195DA0000877F1D /* Debug */,
				626443272195DA0000877F1D /* Release */,
			);
			defaultConfigurationIsVisible = 0;
			defaultConfigurationName = Release;
		};
/* End XCConfigurationList section */
	};
	rootObject = 626442EF2195D9FD00877F1D /* Project object */;
}
